
Microsoft Visual Studio Solution File, Format Version 12.00
# Visual Studio Version 17
VisualStudioVersion = 17.7.34031.279
MinimumVisualStudioVersion = 10.0.40219.1
Project("{54A90642-561A-4BB1-A94E-469ADEE60C69}") = "angularapp", "angularapp\angularapp.esproj", "{4C742B28-C22E-429D-ACCB-04BCC80E5AC6}"
EndProject
Project("{9A19103F-16F7-4668-BE54-9A1E7A4F7556}") = "webapi", "webapi\webapi.csproj", "{BD6AC16C-9C9C-4B99-9862-E84286B123FA}"
EndProject
Project("{2150E333-8FDC-42A3-9474-1A3956D46DE8}") = "tests", "tests", "{DA89D124-0388-4F22-87AC-D34901820C06}"
EndProject
Project("{FAE04EC0-301F-11D3-BF4B-00C04F79EFBC}") = "Api.Tests.Integration", "Api.Tests.Integration\Api.Tests.Integration.csproj", "{52B2625B-EA99-446A-B245-FD3608D3FA0F}"
EndProject
Project("{FAE04EC0-301F-11D3-BF4B-00C04F79EFBC}") = "Contracts", "Contracts\Contracts.csproj", "{B9D592F1-934E-4895-9FA9-986412FBA5AC}"
EndProject
Global
	GlobalSection(SolutionConfigurationPlatforms) = preSolution
		Debug|Any CPU = Debug|Any CPU
		Release|Any CPU = Release|Any CPU
	EndGlobalSection
	GlobalSection(ProjectConfigurationPlatforms) = postSolution
		{4C742B28-C22E-429D-ACCB-04BCC80E5AC6}.Debug|Any CPU.ActiveCfg = Debug|Any CPU
		{4C742B28-C22E-429D-ACCB-04BCC80E5AC6}.Debug|Any CPU.Build.0 = Debug|Any CPU
		{4C742B28-C22E-429D-ACCB-04BCC80E5AC6}.Debug|Any CPU.Deploy.0 = Debug|Any CPU
		{4C742B28-C22E-429D-ACCB-04BCC80E5AC6}.Release|Any CPU.ActiveCfg = Release|Any CPU
		{4C742B28-C22E-429D-ACCB-04BCC80E5AC6}.Release|Any CPU.Build.0 = Release|Any CPU
		{4C742B28-C22E-429D-ACCB-04BCC80E5AC6}.Release|Any CPU.Deploy.0 = Release|Any CPU
		{BD6AC16C-9C9C-4B99-9862-E84286B123FA}.Debug|Any CPU.ActiveCfg = Debug|Any CPU
		{BD6AC16C-9C9C-4B99-9862-E84286B123FA}.Debug|Any CPU.Build.0 = Debug|Any CPU
		{BD6AC16C-9C9C-4B99-9862-E84286B123FA}.Release|Any CPU.ActiveCfg = Release|Any CPU
		{BD6AC16C-9C9C-4B99-9862-E84286B123FA}.Release|Any CPU.Build.0 = Release|Any CPU
		{52B2625B-EA99-446A-B245-FD3608D3FA0F}.Debug|Any CPU.ActiveCfg = Debug|Any CPU
		{52B2625B-EA99-446A-B245-FD3608D3FA0F}.Debug|Any CPU.Build.0 = Debug|Any CPU
		{52B2625B-EA99-446A-B245-FD3608D3FA0F}.Release|Any CPU.ActiveCfg = Release|Any CPU
		{52B2625B-EA99-446A-B245-FD3608D3FA0F}.Release|Any CPU.Build.0 = Release|Any CPU
		{B9D592F1-934E-4895-9FA9-986412FBA5AC}.Debug|Any CPU.ActiveCfg = Debug|Any CPU
		{B9D592F1-934E-4895-9FA9-986412FBA5AC}.Debug|Any CPU.Build.0 = Debug|Any CPU
		{B9D592F1-934E-4895-9FA9-986412FBA5AC}.Release|Any CPU.ActiveCfg = Release|Any CPU
		{B9D592F1-934E-4895-9FA9-986412FBA5AC}.Release|Any CPU.Build.0 = Release|Any CPU
	EndGlobalSection
	GlobalSection(SolutionProperties) = preSolution
		HideSolutionNode = FALSE
	EndGlobalSection
	GlobalSection(NestedProjects) = preSolution
		{52B2625B-EA99-446A-B245-FD3608D3FA0F} = {DA89D124-0388-4F22-87AC-D34901820C06}
	EndGlobalSection
	GlobalSection(ExtensibilityGlobals) = postSolution
		SolutionGuid = {51B39291-E775-4E91-8445-C8CE2057E94C}
	EndGlobalSection
EndGlobal
