
Microsoft Visual Studio Solution File, Format Version 12.00
# Visual Studio Version 17
VisualStudioVersion = 17.7.34031.279
MinimumVisualStudioVersion = 10.0.40219.1
Project("{54A90642-561A-4BB1-A94E-469ADEE60C69}") = "angularapp", "angularapp\angularapp.esproj", "{4C742B28-C22E-429D-ACCB-04BCC80E5AC6}"
EndProject
Project("{9A19103F-16F7-4668-BE54-9A1E7A4F7556}") = "webapi", "webapi\webapi.csproj", "{BD6AC16C-9C9C-4B99-9862-E84286B123FA}"
EndProject
Global
	GlobalSection(SolutionConfigurationPlatforms) = preSolution
		Debug|Any CPU = Debug|Any CPU
		Release|Any CPU = Release|Any CPU
	EndGlobalSection
	GlobalSection(ProjectConfigurationPlatforms) = postSolution
		{4C742B28-C22E-429D-ACCB-04BCC80E5AC6}.Debug|Any CPU.ActiveCfg = Debug|Any CPU
		{4C742B28-C22E-429D-ACCB-04BCC80E5AC6}.Debug|Any CPU.Build.0 = Debug|Any CPU
		{4C742B28-C22E-429D-ACCB-04BCC80E5AC6}.Debug|Any CPU.Deploy.0 = Debug|Any CPU
		{4C742B28-C22E-429D-ACCB-04BCC80E5AC6}.Release|Any CPU.ActiveCfg = Release|Any CPU
		{4C742B28-C22E-429D-ACCB-04BCC80E5AC6}.Release|Any CPU.Build.0 = Release|Any CPU
		{4C742B28-C22E-429D-ACCB-04BCC80E5AC6}.Release|Any CPU.Deploy.0 = Release|Any CPU
		{BD6AC16C-9C9C-4B99-9862-E84286B123FA}.Debug|Any CPU.ActiveCfg = Debug|Any CPU
		{BD6AC16C-9C9C-4B99-9862-E84286B123FA}.Debug|Any CPU.Build.0 = Debug|Any CPU
		{BD6AC16C-9C9C-4B99-9862-E84286B123FA}.Release|Any CPU.ActiveCfg = Release|Any CPU
		{BD6AC16C-9C9C-4B99-9862-E84286B123FA}.Release|Any CPU.Build.0 = Release|Any CPU
	EndGlobalSection
	GlobalSection(SolutionProperties) = preSolution
		HideSolutionNode = FALSE
	EndGlobalSection
	GlobalSection(ExtensibilityGlobals) = postSolution
		SolutionGuid = {51B39291-E775-4E91-8445-C8CE2057E94C}
	EndGlobalSection
EndGlobal
